
Microsoft Visual Studio Solution File, Format Version 12.00
# Visual Studio Version 16
VisualStudioVersion = 16.0.30523.141
MinimumVisualStudioVersion = 10.0.40219.1
Project("{9A19103F-16F7-4668-BE54-9A1E7A4F7556}") = "EmployeePayrollService", "EmployeePayrollService\EmployeePayrollService.csproj", "{C65016BA-4DC2-4B4F-B557-A3F7CDBFAEE8}"
EndProject
Project("{FAE04EC0-301F-11D3-BF4B-00C04F79EFBC}") = "EmployeePayrollTest", "EmployeePayrollTest\EmployeePayrollTest.csproj", "{E101E0F4-4D77-44EC-B50E-AC63E9779E74}"
EndProject
Global
	GlobalSection(SolutionConfigurationPlatforms) = preSolution
		Debug|Any CPU = Debug|Any CPU
		Release|Any CPU = Release|Any CPU
	EndGlobalSection
	GlobalSection(ProjectConfigurationPlatforms) = postSolution
		{C65016BA-4DC2-4B4F-B557-A3F7CDBFAEE8}.Debug|Any CPU.ActiveCfg = Debug|Any CPU
		{C65016BA-4DC2-4B4F-B557-A3F7CDBFAEE8}.Debug|Any CPU.Build.0 = Debug|Any CPU
		{C65016BA-4DC2-4B4F-B557-A3F7CDBFAEE8}.Release|Any CPU.ActiveCfg = Release|Any CPU
		{C65016BA-4DC2-4B4F-B557-A3F7CDBFAEE8}.Release|Any CPU.Build.0 = Release|Any CPU
		{E101E0F4-4D77-44EC-B50E-AC63E9779E74}.Debug|Any CPU.ActiveCfg = Debug|Any CPU
		{E101E0F4-4D77-44EC-B50E-AC63E9779E74}.Debug|Any CPU.Build.0 = Debug|Any CPU
		{E101E0F4-4D77-44EC-B50E-AC63E9779E74}.Release|Any CPU.ActiveCfg = Release|Any CPU
		{E101E0F4-4D77-44EC-B50E-AC63E9779E74}.Release|Any CPU.Build.0 = Release|Any CPU
	EndGlobalSection
	GlobalSection(SolutionProperties) = preSolution
		HideSolutionNode = FALSE
	EndGlobalSection
	GlobalSection(ExtensibilityGlobals) = postSolution
		SolutionGuid = {ED85449D-A49B-4C2C-B554-82279E921AD4}
	EndGlobalSection
EndGlobal
